// !$*UTF8*$!
{
	archiveVersion = 1;
	classes = {
	};
	objectVersion = 50;
	objects = {

/* Begin PBXBuildFile section */
		457DE34024F3C013009CD460 /* main.m in Sources */ = {isa = PBXBuildFile; fileRef = 457DE33F24F3C013009CD460 /* main.m */; };
		457DE36724F3C0B8009CD460 /* NSObject+Json.m in Sources */ = {isa = PBXBuildFile; fileRef = 457DE36624F3C0B8009CD460 /* NSObject+Json.m */; };
/* End PBXBuildFile section */

/* Begin PBXCopyFilesBuildPhase section */
		457DE33A24F3C013009CD460 /* CopyFiles */ = {
			isa = PBXCopyFilesBuildPhase;
			buildActionMask = 2147483647;
			dstPath = /usr/share/man/man1/;
			dstSubfolderSpec = 0;
			files = (
			);
			runOnlyForDeploymentPostprocessing = 1;
		};
/* End PBXCopyFilesBuildPhase section */

/* Begin PBXFileReference section */
		457DE33C24F3C013009CD460 /* MAModelDemo */ = {isa = PBXFileReference; explicitFileType = "compiled.mach-o.executable"; includeInIndex = 0; path = MAModelDemo; sourceTree = BUILT_PRODUCTS_DIR; };
		457DE33F24F3C013009CD460 /* main.m */ = {isa = PBXFileReference; lastKnownFileType = sourcecode.c.objc; path = main.m; sourceTree = "<group>"; };
		457DE34724F3C03A009CD460 /* YYClassInfo.h */ = {isa = PBXFileReference; lastKnownFileType = sourcecode.c.h; path = YYClassInfo.h; sourceTree = "<group>"; };
		457DE34824F3C03A009CD460 /* YYModel.h */ = {isa = PBXFileReference; lastKnownFileType = sourcecode.c.h; path = YYModel.h; sourceTree = "<group>"; };
		457DE34924F3C03A009CD460 /* NSObject+Json.m */ = {isa = PBXFileReference; lastKnownFileType = sourcecode.c.objc; path = "NSObject+Json.m"; sourceTree = "<group>"; };
		457DE34A24F3C03A009CD460 /* NSObject+YYModel.m */ = {isa = PBXFileReference; lastKnownFileType = sourcecode.c.objc; path = "NSObject+YYModel.m"; sourceTree = "<group>"; };
		457DE34B24F3C03A009CD460 /* YYClassInfo.m */ = {isa = PBXFileReference; lastKnownFileType = sourcecode.c.objc; path = YYClassInfo.m; sourceTree = "<group>"; };
		457DE34C24F3C03A009CD460 /* NSObject+Json.h */ = {isa = PBXFileReference; lastKnownFileType = sourcecode.c.h; path = "NSObject+Json.h"; sourceTree = "<group>"; };
		457DE34D24F3C03A009CD460 /* NSObject+YYModel.h */ = {isa = PBXFileReference; lastKnownFileType = sourcecode.c.h; path = "NSObject+YYModel.h"; sourceTree = "<group>"; };
		457DE34F24F3C043009CD460 /* MJPropertyKey.h */ = {isa = PBXFileReference; lastKnownFileType = sourcecode.c.h; path = MJPropertyKey.h; sourceTree = "<group>"; };
		457DE35024F3C043009CD460 /* NSObject+MJClass.h */ = {isa = PBXFileReference; lastKnownFileType = sourcecode.c.h; path = "NSObject+MJClass.h"; sourceTree = "<group>"; };
		457DE35124F3C043009CD460 /* NSString+MJExtension.h */ = {isa = PBXFileReference; lastKnownFileType = sourcecode.c.h; path = "NSString+MJExtension.h"; sourceTree = "<group>"; };
		457DE35224F3C043009CD460 /* MJPropertyType.m */ = {isa = PBXFileReference; lastKnownFileType = sourcecode.c.objc; path = MJPropertyType.m; sourceTree = "<group>"; };
		457DE35324F3C043009CD460 /* NSObject+MJProperty.h */ = {isa = PBXFileReference; lastKnownFileType = sourcecode.c.h; path = "NSObject+MJProperty.h"; sourceTree = "<group>"; };
		457DE35424F3C043009CD460 /* MJExtensionConst.h */ = {isa = PBXFileReference; lastKnownFileType = sourcecode.c.h; path = MJExtensionConst.h; sourceTree = "<group>"; };
		457DE35524F3C043009CD460 /* NSObject+MJKeyValue.m */ = {isa = PBXFileReference; lastKnownFileType = sourcecode.c.objc; path = "NSObject+MJKeyValue.m"; sourceTree = "<group>"; };
		457DE35624F3C043009CD460 /* MJProperty.m */ = {isa = PBXFileReference; lastKnownFileType = sourcecode.c.objc; path = MJProperty.m; sourceTree = "<group>"; };
		457DE35724F3C043009CD460 /* MJFoundation.h */ = {isa = PBXFileReference; lastKnownFileType = sourcecode.c.h; path = MJFoundation.h; sourceTree = "<group>"; };
		457DE35824F3C043009CD460 /* NSObject+MJCoding.m */ = {isa = PBXFileReference; lastKnownFileType = sourcecode.c.objc; path = "NSObject+MJCoding.m"; sourceTree = "<group>"; };
		457DE35924F3C043009CD460 /* MJExtension.h */ = {isa = PBXFileReference; lastKnownFileType = sourcecode.c.h; path = MJExtension.h; sourceTree = "<group>"; };
		457DE35A24F3C043009CD460 /* MJExtensionConst.m */ = {isa = PBXFileReference; lastKnownFileType = sourcecode.c.objc; path = MJExtensionConst.m; sourceTree = "<group>"; };
		457DE35B24F3C043009CD460 /* NSObject+MJProperty.m */ = {isa = PBXFileReference; lastKnownFileType = sourcecode.c.objc; path = "NSObject+MJProperty.m"; sourceTree = "<group>"; };
		457DE35C24F3C043009CD460 /* MJPropertyType.h */ = {isa = PBXFileReference; lastKnownFileType = sourcecode.c.h; path = MJPropertyType.h; sourceTree = "<group>"; };
		457DE35D24F3C043009CD460 /* NSObject+MJClass.m */ = {isa = PBXFileReference; lastKnownFileType = sourcecode.c.objc; path = "NSObject+MJClass.m"; sourceTree = "<group>"; };
		457DE35E24F3C043009CD460 /* NSString+MJExtension.m */ = {isa = PBXFileReference; lastKnownFileType = sourcecode.c.objc; path = "NSString+MJExtension.m"; sourceTree = "<group>"; };
		457DE35F24F3C043009CD460 /* MJPropertyKey.m */ = {isa = PBXFileReference; lastKnownFileType = sourcecode.c.objc; path = MJPropertyKey.m; sourceTree = "<group>"; };
		457DE36024F3C043009CD460 /* MJProperty.h */ = {isa = PBXFileReference; lastKnownFileType = sourcecode.c.h; path = MJProperty.h; sourceTree = "<group>"; };
		457DE36124F3C043009CD460 /* NSObject+MJKeyValue.h */ = {isa = PBXFileReference; lastKnownFileType = sourcecode.c.h; path = "NSObject+MJKeyValue.h"; sourceTree = "<group>"; };
		457DE36224F3C043009CD460 /* NSObject+MJCoding.h */ = {isa = PBXFileReference; lastKnownFileType = sourcecode.c.h; path = "NSObject+MJCoding.h"; sourceTree = "<group>"; };
		457DE36324F3C043009CD460 /* Info.plist */ = {isa = PBXFileReference; lastKnownFileType = text.plist.xml; path = Info.plist; sourceTree = "<group>"; };
		457DE36424F3C043009CD460 /* MJFoundation.m */ = {isa = PBXFileReference; lastKnownFileType = sourcecode.c.objc; path = MJFoundation.m; sourceTree = "<group>"; };
		457DE36524F3C0B8009CD460 /* NSObject+Json.h */ = {isa = PBXFileReference; fileEncoding = 4; lastKnownFileType = sourcecode.c.h; path = "NSObject+Json.h"; sourceTree = "<group>"; };
		457DE36624F3C0B8009CD460 /* NSObject+Json.m */ = {isa = PBXFileReference; fileEncoding = 4; lastKnownFileType = sourcecode.c.objc; path = "NSObject+Json.m"; sourceTree = "<group>"; };
/* End PBXFileReference section */

/* Begin PBXFrameworksBuildPhase section */
		457DE33924F3C013009CD460 /* Frameworks */ = {
			isa = PBXFrameworksBuildPhase;
			buildActionMask = 2147483647;
			files = (
			);
			runOnlyForDeploymentPostprocessing = 0;
		};
/* End PBXFrameworksBuildPhase section */

/* Begin PBXGroup section */
		457DE33324F3C013009CD460 = {
			isa = PBXGroup;
			children = (
				457DE33E24F3C013009CD460 /* MAModelDemo */,
				457DE33D24F3C013009CD460 /* Products */,
			);
			sourceTree = "<group>";
		};
		457DE33D24F3C013009CD460 /* Products */ = {
			isa = PBXGroup;
			children = (
				457DE33C24F3C013009CD460 /* MAModelDemo */,
			);
			name = Products;
			sourceTree = "<group>";
		};
		457DE33E24F3C013009CD460 /* MAModelDemo */ = {
			isa = PBXGroup;
			children = (
				457DE34E24F3C043009CD460 /* MJExtension */,
				457DE34624F3C03A009CD460 /* YYModel */,
				457DE33F24F3C013009CD460 /* main.m */,
				457DE36524F3C0B8009CD460 /* NSObject+Json.h */,
				457DE36624F3C0B8009CD460 /* NSObject+Json.m */,
			);
			path = MAModelDemo;
			sourceTree = "<group>";
		};
		457DE34624F3C03A009CD460 /* YYModel */ = {
			isa = PBXGroup;
			children = (
				457DE34724F3C03A009CD460 /* YYClassInfo.h */,
				457DE34824F3C03A009CD460 /* YYModel.h */,
				457DE34924F3C03A009CD460 /* NSObject+Json.m */,
				457DE34A24F3C03A009CD460 /* NSObject+YYModel.m */,
				457DE34B24F3C03A009CD460 /* YYClassInfo.m */,
				457DE34C24F3C03A009CD460 /* NSObject+Json.h */,
				457DE34D24F3C03A009CD460 /* NSObject+YYModel.h */,
			);
			path = YYModel;
			sourceTree = "<group>";
		};
		457DE34E24F3C043009CD460 /* MJExtension */ = {
			isa = PBXGroup;
			children = (
				457DE34F24F3C043009CD460 /* MJPropertyKey.h */,
				457DE35024F3C043009CD460 /* NSObject+MJClass.h */,
				457DE35124F3C043009CD460 /* NSString+MJExtension.h */,
				457DE35224F3C043009CD460 /* MJPropertyType.m */,
				457DE35324F3C043009CD460 /* NSObject+MJProperty.h */,
				457DE35424F3C043009CD460 /* MJExtensionConst.h */,
				457DE35524F3C043009CD460 /* NSObject+MJKeyValue.m */,
				457DE35624F3C043009CD460 /* MJProperty.m */,
				457DE35724F3C043009CD460 /* MJFoundation.h */,
				457DE35824F3C043009CD460 /* NSObject+MJCoding.m */,
				457DE35924F3C043009CD460 /* MJExtension.h */,
				457DE35A24F3C043009CD460 /* MJExtensionConst.m */,
				457DE35B24F3C043009CD460 /* NSObject+MJProperty.m */,
				457DE35C24F3C043009CD460 /* MJPropertyType.h */,
				457DE35D24F3C043009CD460 /* NSObject+MJClass.m */,
				457DE35E24F3C043009CD460 /* NSString+MJExtension.m */,
				457DE35F24F3C043009CD460 /* MJPropertyKey.m */,
				457DE36024F3C043009CD460 /* MJProperty.h */,
				457DE36124F3C043009CD460 /* NSObject+MJKeyValue.h */,
				457DE36224F3C043009CD460 /* NSObject+MJCoding.h */,
				457DE36324F3C043009CD460 /* Info.plist */,
				457DE36424F3C043009CD460 /* MJFoundation.m */,
			);
			path = MJExtension;
			sourceTree = "<group>";
		};
/* End PBXGroup section */

/* Begin PBXNativeTarget section */
		457DE33B24F3C013009CD460 /* MAModelDemo */ = {
			isa = PBXNativeTarget;
			buildConfigurationList = 457DE34324F3C013009CD460 /* Build configuration list for PBXNativeTarget "MAModelDemo" */;
			buildPhases = (
				457DE33824F3C013009CD460 /* Sources */,
				457DE33924F3C013009CD460 /* Frameworks */,
				457DE33A24F3C013009CD460 /* CopyFiles */,
			);
			buildRules = (
			);
			dependencies = (
			);
			name = MAModelDemo;
			productName = MAModelDemo;
			productReference = 457DE33C24F3C013009CD460 /* MAModelDemo */;
			productType = "com.apple.product-type.tool";
		};
/* End PBXNativeTarget section */

/* Begin PBXProject section */
		457DE33424F3C013009CD460 /* Project object */ = {
			isa = PBXProject;
			attributes = {
				LastUpgradeCheck = 1160;
				ORGANIZATIONNAME = com.ma;
				TargetAttributes = {
					457DE33B24F3C013009CD460 = {
						CreatedOnToolsVersion = 11.6;
					};
				};
			};
			buildConfigurationList = 457DE33724F3C013009CD460 /* Build configuration list for PBXProject "MAModelDemo" */;
			compatibilityVersion = "Xcode 9.3";
			developmentRegion = en;
			hasScannedForEncodings = 0;
			knownRegions = (
				en,
				Base,
			);
			mainGroup = 457DE33324F3C013009CD460;
			productRefGroup = 457DE33D24F3C013009CD460 /* Products */;
			projectDirPath = "";
			projectRoot = "";
			targets = (
				457DE33B24F3C013009CD460 /* MAModelDemo */,
			);
		};
/* End PBXProject section */

/* Begin PBXSourcesBuildPhase section */
		457DE33824F3C013009CD460 /* Sources */ = {
			isa = PBXSourcesBuildPhase;
			buildActionMask = 2147483647;
			files = (
				457DE34024F3C013009CD460 /* main.m in Sources */,
				457DE36724F3C0B8009CD460 /* NSObject+Json.m in Sources */,
			);
			runOnlyForDeploymentPostprocessing = 0;
		};
/* End PBXSourcesBuildPhase section */

/* Begin XCBuildConfiguration section */
		457DE34124F3C013009CD460 /* Debug */ = {
			isa = XCBuildConfiguration;
			buildSettings = {
				ALWAYS_SEARCH_USER_PATHS = NO;
				CLANG_ANALYZER_NONNULL = YES;
				CLANG_ANALYZER_NUMBER_OBJECT_CONVERSION = YES_AGGRESSIVE;
				CLANG_CXX_LANGUAGE_STANDARD = "gnu++14";
				CLANG_CXX_LIBRARY = "libc++";
				CLANG_ENABLE_MODULES = YES;
				CLANG_ENABLE_OBJC_ARC = YES;
				CLANG_ENABLE_OBJC_WEAK = YES;
				CLANG_WARN_BLOCK_CAPTURE_AUTORELEASING = YES;
				CLANG_WARN_BOOL_CONVERSION = YES;
				CLANG_WARN_COMMA = YES;
				CLANG_WARN_CONSTANT_CONVERSION = YES;
				CLANG_WARN_DEPRECATED_OBJC_IMPLEMENTATIONS = YES;
				CLANG_WARN_DIRECT_OBJC_ISA_USAGE = YES_ERROR;
				CLANG_WARN_DOCUMENTATION_COMMENTS = YES;
				CLANG_WARN_EMPTY_BODY = YES;
				CLANG_WARN_ENUM_CONVERSION = YES;
				CLANG_WARN_INFINITE_RECURSION = YES;
				CLANG_WARN_INT_CONVERSION = YES;
				CLANG_WARN_NON_LITERAL_NULL_CONVERSION = YES;
				CLANG_WARN_OBJC_IMPLICIT_RETAIN_SELF = YES;
				CLANG_WARN_OBJC_LITERAL_CONVERSION = YES;
				CLANG_WARN_OBJC_ROOT_CLASS = YES_ERROR;
				CLANG_WARN_RANGE_LOOP_ANALYSIS = YES;
				CLANG_WARN_STRICT_PROTOTYPES = YES;
				CLANG_WARN_SUSPICIOUS_MOVE = YES;
				CLANG_WARN_UNGUARDED_AVAILABILITY = YES_AGGRESSIVE;
				CLANG_WARN_UNREACHABLE_CODE = YES;
				CLANG_WARN__DUPLICATE_METHOD_MATCH = YES;
				COPY_PHASE_STRIP = NO;
				DEBUG_INFORMATION_FORMAT = dwarf;
				ENABLE_STRICT_OBJC_MSGSEND = YES;
				ENABLE_TESTABILITY = YES;
				GCC_C_LANGUAGE_STANDARD = gnu11;
				GCC_DYNAMIC_NO_PIC = NO;
				GCC_NO_COMMON_BLOCKS = YES;
				GCC_OPTIMIZATION_LEVEL = 0;
				GCC_PREPROCESSOR_DEFINITIONS = (
					"DEBUG=1",
					"$(inherited)",
				);
				GCC_WARN_64_TO_32_BIT_CONVERSION = YES;
				GCC_WARN_ABOUT_RETURN_TYPE = YES_ERROR;
				GCC_WARN_UNDECLARED_SELECTOR = YES;
				GCC_WARN_UNINITIALIZED_AUTOS = YES_AGGRESSIVE;
				GCC_WARN_UNUSED_FUNCTION = YES;
				GCC_WARN_UNUSED_VARIABLE = YES;
				MACOSX_DEPLOYMENT_TARGET = 10.15;
				MTL_ENABLE_DEBUG_INFO = INCLUDE_SOURCE;
				MTL_FAST_MATH = YES;
				ONLY_ACTIVE_ARCH = YES;
				SDKROOT = macosx;
			};
			name = Debug;
		};
		457DE34224F3C013009CD460 /* Release */ = {
			isa = XCBuildConfiguration;
			buildSettings = {
				ALWAYS_SEARCH_USER_PATHS = NO;
				CLANG_ANALYZER_NONNULL = YES;
				CLANG_ANALYZER_NUMBER_OBJECT_CONVERSION = YES_AGGRESSIVE;
				CLANG_CXX_LANGUAGE_STANDARD = "gnu++14";
				CLANG_CXX_LIBRARY = "libc++";
				CLANG_ENABLE_MODULES = YES;
				CLANG_ENABLE_OBJC_ARC = YES;
				CLANG_ENABLE_OBJC_WEAK = YES;
				CLANG_WARN_BLOCK_CAPTURE_AUTORELEASING = YES;
				CLANG_WARN_BOOL_CONVERSION = YES;
				CLANG_WARN_COMMA = YES;
				CLANG_WARN_CONSTANT_CONVERSION = YES;
				CLANG_WARN_DEPRECATED_OBJC_IMPLEMENTATIONS = YES;
				CLANG_WARN_DIRECT_OBJC_ISA_USAGE = YES_ERROR;
				CLANG_WARN_DOCUMENTATION_COMMENTS = YES;
				CLANG_WARN_EMPTY_BODY = YES;
				CLANG_WARN_ENUM_CONVERSION = YES;
				CLANG_WARN_INFINITE_RECURSION = YES;
				CLANG_WARN_INT_CONVERSION = YES;
				CLANG_WARN_NON_LITERAL_NULL_CONVERSION = YES;
				CLANG_WARN_OBJC_IMPLICIT_RETAIN_SELF = YES;
				CLANG_WARN_OBJC_LITERAL_CONVERSION = YES;
				CLANG_WARN_OBJC_ROOT_CLASS = YES_ERROR;
				CLANG_WARN_RANGE_LOOP_ANALYSIS = YES;
				CLANG_WARN_STRICT_PROTOTYPES = YES;
				CLANG_WARN_SUSPICIOUS_MOVE = YES;
				CLANG_WARN_UNGUARDED_AVAILABILITY = YES_AGGRESSIVE;
				CLANG_WARN_UNREACHABLE_CODE = YES;
				CLANG_WARN__DUPLICATE_METHOD_MATCH = YES;
				COPY_PHASE_STRIP = NO;
				DEBUG_INFORMATION_FORMAT = "dwarf-with-dsym";
				ENABLE_NS_ASSERTIONS = NO;
				ENABLE_STRICT_OBJC_MSGSEND = YES;
				GCC_C_LANGUAGE_STANDARD = gnu11;
				GCC_NO_COMMON_BLOCKS = YES;
				GCC_WARN_64_TO_32_BIT_CONVERSION = YES;
				GCC_WARN_ABOUT_RETURN_TYPE = YES_ERROR;
				GCC_WARN_UNDECLARED_SELECTOR = YES;
				GCC_WARN_UNINITIALIZED_AUTOS = YES_AGGRESSIVE;
				GCC_WARN_UNUSED_FUNCTION = YES;
				GCC_WARN_UNUSED_VARIABLE = YES;
				MACOSX_DEPLOYMENT_TARGET = 10.15;
				MTL_ENABLE_DEBUG_INFO = NO;
				MTL_FAST_MATH = YES;
				SDKROOT = macosx;
			};
			name = Release;
		};
		457DE34424F3C013009CD460 /* Debug */ = {
			isa = XCBuildConfiguration;
			buildSettings = {
				CODE_SIGN_STYLE = Automatic;
				DEVELOPMENT_TEAM = AV59255865;
				ENABLE_HARDENED_RUNTIME = YES;
				PRODUCT_NAME = "$(TARGET_NAME)";
			};
			name = Debug;
		};
		457DE34524F3C013009CD460 /* Release */ = {
			isa = XCBuildConfiguration;
			buildSettings = {
				CODE_SIGN_STYLE = Automatic;
				DEVELOPMENT_TEAM = AV59255865;
				ENABLE_HARDENED_RUNTIME = YES;
				PRODUCT_NAME = "$(TARGET_NAME)";
			};
			name = Release;
		};
/* End XCBuildConfiguration section */

/* Begin XCConfigurationList section */
		457DE33724F3C013009CD460 /* Build configuration list for PBXProject "MAModelDemo" */ = {
			isa = XCConfigurationList;
			buildConfigurations = (
				457DE34124F3C013009CD460 /* Debug */,
				457DE34224F3C013009CD460 /* Release */,
			);
			defaultConfigurationIsVisible = 0;
			defaultConfigurationName = Release;
		};
		457DE34324F3C013009CD460 /* Build configuration list for PBXNativeTarget "MAModelDemo" */ = {
			isa = XCConfigurationList;
			buildConfigurations = (
				457DE34424F3C013009CD460 /* Debug */,
				457DE34524F3C013009CD460 /* Release */,
			);
			defaultConfigurationIsVisible = 0;
			defaultConfigurationName = Release;
		};
/* End XCConfigurationList section */
	};
	rootObject = 457DE33424F3C013009CD460 /* Project object */;
}
